lockfileVersion: '9.0'

settings:
  autoInstallPeers: true
  excludeLinksFromLockfile: false

importers:

  .:
    dependencies:
      async-call-rpc:
        specifier: ^6.4.2
        version: 6.4.2
      tsc:
        specifier: ^2.0.4
        version: 2.0.4
      typescript:
        specifier: ^5.9.3
        version: 5.9.3

packages:

  async-call-rpc@6.4.2:
    resolution: {integrity: sha512-NGoEFFm1H7RXvgRO8i+K7GQlBDWE0cDna48vmdAVYdCNDR//i0z+2HIN0VUmBYCPInp2LLTWny2ATG5sT1zXxA==}

  tsc@2.0.4:
    resolution: {integrity: sha512-fzoSieZI5KKJVBYGvwbVZs/J5za84f2lSTLPYf6AGiIf43tZ3GNrI1QzTLcjtyDDP4aLxd46RTZq1nQxe7+k5Q==}
    hasBin: true

  typescript@5.9.3:
    resolution: {integrity: sha512-jl1vZzPDinLr9eUt3J/t7V6FgNEw9QjvBPdysz9KfQDD41fQrC2Y4vKQdiaUpFT4bXlb1RHhLpp8wtm6M5TgSw==}
    engines: {node: '>=14.17'}
    hasBin: true

snapshots:

  async-call-rpc@6.4.2: {}

  tsc@2.0.4: {}

  typescript@5.9.3: {}
